
Microsoft Visual Studio Solution File, Format Version 12.00
# Visual Studio Version 17
VisualStudioVersion = 17.8.34330.188
MinimumVisualStudioVersion = 10.0.40219.1
Project("{9A19103F-16F7-4668-BE54-9A1E7A4F7556}") = "Apps.Appname", "Apps.Appname\Apps.Appname.csproj", "{EB25604E-8EBA-464E-BEDF-30EA95395AD3}"
EndProject
Project("{FAE04EC0-301F-11D3-BF4B-00C04F79EFBC}") = "Tests.Appname", "Tests.Appname\Tests.Appname.csproj", "{B360EE3D-9F9A-4751-B39B-DB9766F201D1}"
EndProject
Global
	GlobalSection(SolutionConfigurationPlatforms) = preSolution
		Debug|Any CPU = Debug|Any CPU
		Release|Any CPU = Release|Any CPU
	EndGlobalSection
	GlobalSection(ProjectConfigurationPlatforms) = postSolution
		{EB25604E-8EBA-464E-BEDF-30EA95395AD3}.Debug|Any CPU.ActiveCfg = Debug|Any CPU
		{EB25604E-8EBA-464E-BEDF-30EA95395AD3}.Debug|Any CPU.Build.0 = Debug|Any CPU
		{EB25604E-8EBA-464E-BEDF-30EA95395AD3}.Release|Any CPU.ActiveCfg = Release|Any CPU
		{EB25604E-8EBA-464E-BEDF-30EA95395AD3}.Release|Any CPU.Build.0 = Release|Any CPU
		{B360EE3D-9F9A-4751-B39B-DB9766F201D1}.Debug|Any CPU.ActiveCfg = Debug|Any CPU
		{B360EE3D-9F9A-4751-B39B-DB9766F201D1}.Debug|Any CPU.Build.0 = Debug|Any CPU
		{B360EE3D-9F9A-4751-B39B-DB9766F201D1}.Release|Any CPU.ActiveCfg = Release|Any CPU
		{B360EE3D-9F9A-4751-B39B-DB9766F201D1}.Release|Any CPU.Build.0 = Release|Any CPU
	EndGlobalSection
	GlobalSection(SolutionProperties) = preSolution
		HideSolutionNode = FALSE
	EndGlobalSection
EndGlobal
